// !$*UTF8*$!
{
	archiveVersion = 1;
	classes = {
	};
	objectVersion = 51;
	objects = {

/* Begin PBXBuildFile section */
		3DCEAEBA2D5812E3425626C8 /* Pods_Parstagram_app.framework in Frameworks */ = {isa = PBXBuildFile; fileRef = 7A93327AACD4711A5B808285 /* Pods_Parstagram_app.framework */; };
		4B02044028FA632500B4B454 /* CommentCell.swift in Sources */ = {isa = PBXBuildFile; fileRef = 4B02043F28FA632500B4B454 /* CommentCell.swift */; };
		4B1E7CC228DE2CE100DA1502 /* AppDelegate.swift in Sources */ = {isa = PBXBuildFile; fileRef = 4B1E7CC128DE2CE100DA1502 /* AppDelegate.swift */; };
		4B1E7CC428DE2CE100DA1502 /* SceneDelegate.swift in Sources */ = {isa = PBXBuildFile; fileRef = 4B1E7CC328DE2CE100DA1502 /* SceneDelegate.swift */; };
		4B1E7CC928DE2CE100DA1502 /* Main.storyboard in Resources */ = {isa = PBXBuildFile; fileRef = 4B1E7CC728DE2CE100DA1502 /* Main.storyboard */; };
		4B1E7CCB28DE2CEB00DA1502 /* Assets.xcassets in Resources */ = {isa = PBXBuildFile; fileRef = 4B1E7CCA28DE2CEB00DA1502 /* Assets.xcassets */; };
		4B1E7CCE28DE2CEB00DA1502 /* LaunchScreen.storyboard in Resources */ = {isa = PBXBuildFile; fileRef = 4B1E7CCC28DE2CEB00DA1502 /* LaunchScreen.storyboard */; };
		4B1E7CD928DE2CEB00DA1502 /* Parstagram_appTests.swift in Sources */ = {isa = PBXBuildFile; fileRef = 4B1E7CD828DE2CEB00DA1502 /* Parstagram_appTests.swift */; };
		4B1E7CE428DE2CEC00DA1502 /* Parstagram_appUITests.swift in Sources */ = {isa = PBXBuildFile; fileRef = 4B1E7CE328DE2CEC00DA1502 /* Parstagram_appUITests.swift */; };
		4B371C6628E4E41600FA4AEC /* LoginViewController.swift in Sources */ = {isa = PBXBuildFile; fileRef = 4B371C6528E4E41600FA4AEC /* LoginViewController.swift */; };
		4B371C6B28E4E44600FA4AEC /* FeedViewController.swift in Sources */ = {isa = PBXBuildFile; fileRef = 4B371C6A28E4E44600FA4AEC /* FeedViewController.swift */; };
		4B371C7028E5213600FA4AEC /* CameraViewController.swift in Sources */ = {isa = PBXBuildFile; fileRef = 4B371C6F28E5213600FA4AEC /* CameraViewController.swift */; };
		4B371C7D28E748AB00FA4AEC /* PostCell.swift in Sources */ = {isa = PBXBuildFile; fileRef = 4B371C7C28E748AB00FA4AEC /* PostCell.swift */; };
		C20225D405845A632EDE658D /* Pods_Parstagram_app_Parstagram_appUITests.framework in Frameworks */ = {isa = PBXBuildFile; fileRef = E22E7A1F77399616A770429E /* Pods_Parstagram_app_Parstagram_appUITests.framework */; };
		E1F8423D33E8F143C97F8FB8 /* Pods_Parstagram_appTests.framework in Frameworks */ = {isa = PBXBuildFile; fileRef = 9782F9AF9A8E739A86F9F3E7 /* Pods_Parstagram_appTests.framework */; };
/* End PBXBuildFile section */

/* Begin PBXContainerItemProxy section */
		4B1E7CD528DE2CEB00DA1502 /* PBXContainerItemProxy */ = {
			isa = PBXContainerItemProxy;
			containerPortal = 4B1E7CB628DE2CE000DA1502 /* Project object */;
			proxyType = 1;
			remoteGlobalIDString = 4B1E7CBD28DE2CE000DA1502;
			remoteInfo = "Parstagram-app";
		};
		4B1E7CE028DE2CEC00DA1502 /* PBXContainerItemProxy */ = {
			isa = PBXContainerItemProxy;
			containerPortal = 4B1E7CB628DE2CE000DA1502 /* Project object */;
			proxyType = 1;
			remoteGlobalIDString = 4B1E7CBD28DE2CE000DA1502;
			remoteInfo = "Parstagram-app";
		};
/* End PBXContainerItemProxy section */

/* Begin PBXFileReference section */
		43276F65300BC9606B314290 /* Pods-Parstagram-app.debug.xcconfig */ = {isa = PBXFileReference; includeInIndex = 1; lastKnownFileType = text.xcconfig; name = "Pods-Parstagram-app.debug.xcconfig"; path = "Target Support Files/Pods-Parstagram-app/Pods-Parstagram-app.debug.xcconfig"; sourceTree = "<group>"; };
		4B02043F28FA632500B4B454 /* CommentCell.swift */ = {isa = PBXFileReference; lastKnownFileType = sourcecode.swift; path = CommentCell.swift; sourceTree = "<group>"; };
		4B1E7CBE28DE2CE100DA1502 /* Parstagram-app.app */ = {isa = PBXFileReference; explicitFileType = wrapper.application; includeInIndex = 0; path = "Parstagram-app.app"; sourceTree = BUILT_PRODUCTS_DIR; };
		4B1E7CC128DE2CE100DA1502 /* AppDelegate.swift */ = {isa = PBXFileReference; lastKnownFileType = sourcecode.swift; path = AppDelegate.swift; sourceTree = "<group>"; };
		4B1E7CC328DE2CE100DA1502 /* SceneDelegate.swift */ = {isa = PBXFileReference; lastKnownFileType = sourcecode.swift; path = SceneDelegate.swift; sourceTree = "<group>"; };
		4B1E7CC828DE2CE100DA1502 /* Base */ = {isa = PBXFileReference; lastKnownFileType = file.storyboard; name = Base; path = Base.lproj/Main.storyboard; sourceTree = "<group>"; };
		4B1E7CCA28DE2CEB00DA1502 /* Assets.xcassets */ = {isa = PBXFileReference; lastKnownFileType = folder.assetcatalog; path = Assets.xcassets; sourceTree = "<group>"; };
		4B1E7CCD28DE2CEB00DA1502 /* Base */ = {isa = PBXFileReference; lastKnownFileType = file.storyboard; name = Base; path = Base.lproj/LaunchScreen.storyboard; sourceTree = "<group>"; };
		4B1E7CCF28DE2CEB00DA1502 /* Info.plist */ = {isa = PBXFileReference; lastKnownFileType = text.plist.xml; path = Info.plist; sourceTree = "<group>"; };
		4B1E7CD428DE2CEB00DA1502 /* Parstagram-appTests.xctest */ = {isa = PBXFileReference; explicitFileType = wrapper.cfbundle; includeInIndex = 0; path = "Parstagram-appTests.xctest"; sourceTree = BUILT_PRODUCTS_DIR; };
		4B1E7CD828DE2CEB00DA1502 /* Parstagram_appTests.swift */ = {isa = PBXFileReference; lastKnownFileType = sourcecode.swift; path = Parstagram_appTests.swift; sourceTree = "<group>"; };
		4B1E7CDA28DE2CEB00DA1502 /* Info.plist */ = {isa = PBXFileReference; lastKnownFileType = text.plist.xml; path = Info.plist; sourceTree = "<group>"; };
		4B1E7CDF28DE2CEC00DA1502 /* Parstagram-appUITests.xctest */ = {isa = PBXFileReference; explicitFileType = wrapper.cfbundle; includeInIndex = 0; path = "Parstagram-appUITests.xctest"; sourceTree = BUILT_PRODUCTS_DIR; };
		4B1E7CE328DE2CEC00DA1502 /* Parstagram_appUITests.swift */ = {isa = PBXFileReference; lastKnownFileType = sourcecode.swift; path = Parstagram_appUITests.swift; sourceTree = "<group>"; };
		4B1E7CE528DE2CEC00DA1502 /* Info.plist */ = {isa = PBXFileReference; lastKnownFileType = text.plist.xml; path = Info.plist; sourceTree = "<group>"; };
		4B371C6528E4E41600FA4AEC /* LoginViewController.swift */ = {isa = PBXFileReference; lastKnownFileType = sourcecode.swift; path = LoginViewController.swift; sourceTree = "<group>"; };
		4B371C6A28E4E44600FA4AEC /* FeedViewController.swift */ = {isa = PBXFileReference; lastKnownFileType = sourcecode.swift; path = FeedViewController.swift; sourceTree = "<group>"; };
		4B371C6F28E5213600FA4AEC /* CameraViewController.swift */ = {isa = PBXFileReference; lastKnownFileType = sourcecode.swift; path = CameraViewController.swift; sourceTree = "<group>"; };
		4B371C7C28E748AB00FA4AEC /* PostCell.swift */ = {isa = PBXFileReference; lastKnownFileType = sourcecode.swift; path = PostCell.swift; sourceTree = "<group>"; };
		7A93327AACD4711A5B808285 /* Pods_Parstagram_app.framework */ = {isa = PBXFileReference; explicitFileType = wrapper.framework; includeInIndex = 0; path = Pods_Parstagram_app.framework; sourceTree = BUILT_PRODUCTS_DIR; };
		89627C299A79AFBCDEF17CD0 /* Pods-Parstagram-app-Parstagram-appUITests.release.xcconfig */ = {isa = PBXFileReference; includeInIndex = 1; lastKnownFileType = text.xcconfig; name = "Pods-Parstagram-app-Parstagram-appUITests.release.xcconfig"; path = "Target Support Files/Pods-Parstagram-app-Parstagram-appUITests/Pods-Parstagram-app-Parstagram-appUITests.release.xcconfig"; sourceTree = "<group>"; };
		93F691EB02D2C14E1A249958 /* Pods-Parstagram-appTests.release.xcconfig */ = {isa = PBXFileReference; includeInIndex = 1; lastKnownFileType = text.xcconfig; name = "Pods-Parstagram-appTests.release.xcconfig"; path = "Target Support Files/Pods-Parstagram-appTests/Pods-Parstagram-appTests.release.xcconfig"; sourceTree = "<group>"; };
		9782F9AF9A8E739A86F9F3E7 /* Pods_Parstagram_appTests.framework */ = {isa = PBXFileReference; explicitFileType = wrapper.framework; includeInIndex = 0; path = Pods_Parstagram_appTests.framework; sourceTree = BUILT_PRODUCTS_DIR; };
		A6B55C721A9C5061D935B563 /* Pods-Parstagram-app-Parstagram-appUITests.debug.xcconfig */ = {isa = PBXFileReference; includeInIndex = 1; lastKnownFileType = text.xcconfig; name = "Pods-Parstagram-app-Parstagram-appUITests.debug.xcconfig"; path = "Target Support Files/Pods-Parstagram-app-Parstagram-appUITests/Pods-Parstagram-app-Parstagram-appUITests.debug.xcconfig"; sourceTree = "<group>"; };
		C3A3AA5354BBC05777A15195 /* Pods-Parstagram-appTests.debug.xcconfig */ = {isa = PBXFileReference; includeInIndex = 1; lastKnownFileType = text.xcconfig; name = "Pods-Parstagram-appTests.debug.xcconfig"; path = "Target Support Files/Pods-Parstagram-appTests/Pods-Parstagram-appTests.debug.xcconfig"; sourceTree = "<group>"; };
		D4BB45813E76E9033F40872B /* Pods-Parstagram-app.release.xcconfig */ = {isa = PBXFileReference; includeInIndex = 1; lastKnownFileType = text.xcconfig; name = "Pods-Parstagram-app.release.xcconfig"; path = "Target Support Files/Pods-Parstagram-app/Pods-Parstagram-app.release.xcconfig"; sourceTree = "<group>"; };
		E22E7A1F77399616A770429E /* Pods_Parstagram_app_Parstagram_appUITests.framework */ = {isa = PBXFileReference; explicitFileType = wrapper.framework; includeInIndex = 0; path = Pods_Parstagram_app_Parstagram_appUITests.framework; sourceTree = BUILT_PRODUCTS_DIR; };
/* End PBXFileReference section */

/* Begin PBXFrameworksBuildPhase section */
		4B1E7CBB28DE2CE000DA1502 /* Frameworks */ = {
			isa = PBXFrameworksBuildPhase;
			buildActionMask = 2147483647;
			files = (
				3DCEAEBA2D5812E3425626C8 /* Pods_Parstagram_app.framework in Frameworks */,
			);
			runOnlyForDeploymentPostprocessing = 0;
		};
		4B1E7CD128DE2CEB00DA1502 /* Frameworks */ = {
			isa = PBXFrameworksBuildPhase;
			buildActionMask = 2147483647;
			files = (
				E1F8423D33E8F143C97F8FB8 /* Pods_Parstagram_appTests.framework in Frameworks */,
			);
			runOnlyForDeploymentPostprocessing = 0;
		};
		4B1E7CDC28DE2CEC00DA1502 /* Frameworks */ = {
			isa = PBXFrameworksBuildPhase;
			buildActionMask = 2147483647;
			files = (
				C20225D405845A632EDE658D /* Pods_Parstagram_app_Parstagram_appUITests.framework in Frameworks */,
			);
			runOnlyForDeploymentPostprocessing = 0;
		};
/* End PBXFrameworksBuildPhase section */

/* Begin PBXGroup section */
		3497CF99224A07C97FADDACA /* Frameworks */ = {
			isa = PBXGroup;
			children = (
				7A93327AACD4711A5B808285 /* Pods_Parstagram_app.framework */,
				E22E7A1F77399616A770429E /* Pods_Parstagram_app_Parstagram_appUITests.framework */,
				9782F9AF9A8E739A86F9F3E7 /* Pods_Parstagram_appTests.framework */,
			);
			name = Frameworks;
			sourceTree = "<group>";
		};
		46AEE8A52C77069C5200D5E8 /* Pods */ = {
			isa = PBXGroup;
			children = (
				43276F65300BC9606B314290 /* Pods-Parstagram-app.debug.xcconfig */,
				D4BB45813E76E9033F40872B /* Pods-Parstagram-app.release.xcconfig */,
				A6B55C721A9C5061D935B563 /* Pods-Parstagram-app-Parstagram-appUITests.debug.xcconfig */,
				89627C299A79AFBCDEF17CD0 /* Pods-Parstagram-app-Parstagram-appUITests.release.xcconfig */,
				C3A3AA5354BBC05777A15195 /* Pods-Parstagram-appTests.debug.xcconfig */,
				93F691EB02D2C14E1A249958 /* Pods-Parstagram-appTests.release.xcconfig */,
			);
			path = Pods;
			sourceTree = "<group>";
		};
		4B1E7CB528DE2CE000DA1502 = {
			isa = PBXGroup;
			children = (
				4B1E7CC028DE2CE100DA1502 /* Parstagram-app */,
				4B1E7CD728DE2CEB00DA1502 /* Parstagram-appTests */,
				4B1E7CE228DE2CEC00DA1502 /* Parstagram-appUITests */,
				4B1E7CBF28DE2CE100DA1502 /* Products */,
				46AEE8A52C77069C5200D5E8 /* Pods */,
				3497CF99224A07C97FADDACA /* Frameworks */,
			);
			sourceTree = "<group>";
		};
		4B1E7CBF28DE2CE100DA1502 /* Products */ = {
			isa = PBXGroup;
			children = (
				4B1E7CBE28DE2CE100DA1502 /* Parstagram-app.app */,
				4B1E7CD428DE2CEB00DA1502 /* Parstagram-appTests.xctest */,
				4B1E7CDF28DE2CEC00DA1502 /* Parstagram-appUITests.xctest */,
			);
			name = Products;
			sourceTree = "<group>";
		};
		4B1E7CC028DE2CE100DA1502 /* Parstagram-app */ = {
			isa = PBXGroup;
			children = (
				4B1E7CC128DE2CE100DA1502 /* AppDelegate.swift */,
				4B1E7CC328DE2CE100DA1502 /* SceneDelegate.swift */,
				4B1E7CC728DE2CE100DA1502 /* Main.storyboard */,
				4B371C6F28E5213600FA4AEC /* CameraViewController.swift */,
				4B1E7CCA28DE2CEB00DA1502 /* Assets.xcassets */,
				4B1E7CCC28DE2CEB00DA1502 /* LaunchScreen.storyboard */,
				4B1E7CCF28DE2CEB00DA1502 /* Info.plist */,
				4B371C6528E4E41600FA4AEC /* LoginViewController.swift */,
				4B371C6A28E4E44600FA4AEC /* FeedViewController.swift */,
				4B371C7C28E748AB00FA4AEC /* PostCell.swift */,
				4B02043F28FA632500B4B454 /* CommentCell.swift */,
			);
			path = "Parstagram-app";
			sourceTree = "<group>";
		};
		4B1E7CD728DE2CEB00DA1502 /* Parstagram-appTests */ = {
			isa = PBXGroup;
			children = (
				4B1E7CD828DE2CEB00DA1502 /* Parstagram_appTests.swift */,
				4B1E7CDA28DE2CEB00DA1502 /* Info.plist */,
			);
			path = "Parstagram-appTests";
			sourceTree = "<group>";
		};
		4B1E7CE228DE2CEC00DA1502 /* Parstagram-appUITests */ = {
			isa = PBXGroup;
			children = (
				4B1E7CE328DE2CEC00DA1502 /* Parstagram_appUITests.swift */,
				4B1E7CE528DE2CEC00DA1502 /* Info.plist */,
			);
			path = "Parstagram-appUITests";
			sourceTree = "<group>";
		};
/* End PBXGroup section */

/* Begin PBXNativeTarget section */
		4B1E7CBD28DE2CE000DA1502 /* Parstagram-app */ = {
			isa = PBXNativeTarget;
			buildConfigurationList = 4B1E7CE828DE2CEC00DA1502 /* Build configuration list for PBXNativeTarget "Parstagram-app" */;
			buildPhases = (
				6CEB756B2FF16EF81F54807D /* [CP] Check Pods Manifest.lock */,
				4B1E7CBA28DE2CE000DA1502 /* Sources */,
				4B1E7CBB28DE2CE000DA1502 /* Frameworks */,
				4B1E7CBC28DE2CE000DA1502 /* Resources */,
				7934342EF6D652A3FAA30831 /* [CP] Embed Pods Frameworks */,
			);
			buildRules = (
			);
			dependencies = (
			);
			name = "Parstagram-app";
			productName = "Parstagram-app";
			productReference = 4B1E7CBE28DE2CE100DA1502 /* Parstagram-app.app */;
			productType = "com.apple.product-type.application";
		};
		4B1E7CD328DE2CEB00DA1502 /* Parstagram-appTests */ = {
			isa = PBXNativeTarget;
			buildConfigurationList = 4B1E7CEB28DE2CEC00DA1502 /* Build configuration list for PBXNativeTarget "Parstagram-appTests" */;
			buildPhases = (
				87AE735D79897E94056F6AC4 /* [CP] Check Pods Manifest.lock */,
				4B1E7CD028DE2CEB00DA1502 /* Sources */,
				4B1E7CD128DE2CEB00DA1502 /* Frameworks */,
				4B1E7CD228DE2CEB00DA1502 /* Resources */,
			);
			buildRules = (
			);
			dependencies = (
				4B1E7CD628DE2CEB00DA1502 /* PBXTargetDependency */,
			);
			name = "Parstagram-appTests";
			productName = "Parstagram-appTests";
			productReference = 4B1E7CD428DE2CEB00DA1502 /* Parstagram-appTests.xctest */;
			productType = "com.apple.product-type.bundle.unit-test";
		};
		4B1E7CDE28DE2CEC00DA1502 /* Parstagram-appUITests */ = {
			isa = PBXNativeTarget;
			buildConfigurationList = 4B1E7CEE28DE2CEC00DA1502 /* Build configuration list for PBXNativeTarget "Parstagram-appUITests" */;
			buildPhases = (
				49ADD2A92D0376F28BB8071A /* [CP] Check Pods Manifest.lock */,
				4B1E7CDB28DE2CEC00DA1502 /* Sources */,
				4B1E7CDC28DE2CEC00DA1502 /* Frameworks */,
				4B1E7CDD28DE2CEC00DA1502 /* Resources */,
				3B38ED329BA879F777254F82 /* [CP] Embed Pods Frameworks */,
			);
			buildRules = (
			);
			dependencies = (
				4B1E7CE128DE2CEC00DA1502 /* PBXTargetDependency */,
			);
			name = "Parstagram-appUITests";
			productName = "Parstagram-appUITests";
			productReference = 4B1E7CDF28DE2CEC00DA1502 /* Parstagram-appUITests.xctest */;
			productType = "com.apple.product-type.bundle.ui-testing";
		};
/* End PBXNativeTarget section */

/* Begin PBXProject section */
		4B1E7CB628DE2CE000DA1502 /* Project object */ = {
			isa = PBXProject;
			attributes = {
				LastSwiftUpdateCheck = 1230;
				LastUpgradeCheck = 1230;
				TargetAttributes = {
					4B1E7CBD28DE2CE000DA1502 = {
						CreatedOnToolsVersion = 12.3;
					};
					4B1E7CD328DE2CEB00DA1502 = {
						CreatedOnToolsVersion = 12.3;
						TestTargetID = 4B1E7CBD28DE2CE000DA1502;
					};
					4B1E7CDE28DE2CEC00DA1502 = {
						CreatedOnToolsVersion = 12.3;
						TestTargetID = 4B1E7CBD28DE2CE000DA1502;
					};
				};
			};
			buildConfigurationList = 4B1E7CB928DE2CE000DA1502 /* Build configuration list for PBXProject "Parstagram-app" */;
			compatibilityVersion = "Xcode 9.3";
			developmentRegion = en;
			hasScannedForEncodings = 0;
			knownRegions = (
				en,
				Base,
			);
			mainGroup = 4B1E7CB528DE2CE000DA1502;
			productRefGroup = 4B1E7CBF28DE2CE100DA1502 /* Products */;
			projectDirPath = "";
			projectRoot = "";
			targets = (
				4B1E7CBD28DE2CE000DA1502 /* Parstagram-app */,
				4B1E7CD328DE2CEB00DA1502 /* Parstagram-appTests */,
				4B1E7CDE28DE2CEC00DA1502 /* Parstagram-appUITests */,
			);
		};
/* End PBXProject section */

/* Begin PBXResourcesBuildPhase section */
		4B1E7CBC28DE2CE000DA1502 /* Resources */ = {
			isa = PBXResourcesBuildPhase;
			buildActionMask = 2147483647;
			files = (
				4B1E7CCE28DE2CEB00DA1502 /* LaunchScreen.storyboard in Resources */,
				4B1E7CCB28DE2CEB00DA1502 /* Assets.xcassets in Resources */,
				4B1E7CC928DE2CE100DA1502 /* Main.storyboard in Resources */,
			);
			runOnlyForDeploymentPostprocessing = 0;
		};
		4B1E7CD228DE2CEB00DA1502 /* Resources */ = {
			isa = PBXResourcesBuildPhase;
			buildActionMask = 2147483647;
			files = (
			);
			runOnlyForDeploymentPostprocessing = 0;
		};
		4B1E7CDD28DE2CEC00DA1502 /* Resources */ = {
			isa = PBXResourcesBuildPhase;
			buildActionMask = 2147483647;
			files = (
			);
			runOnlyForDeploymentPostprocessing = 0;
		};
/* End PBXResourcesBuildPhase section */

/* Begin PBXShellScriptBuildPhase section */
		3B38ED329BA879F777254F82 /* [CP] Embed Pods Frameworks */ = {
			isa = PBXShellScriptBuildPhase;
			buildActionMask = 2147483647;
			files = (
			);
			inputFileListPaths = (
				"${PODS_ROOT}/Target Support Files/Pods-Parstagram-app-Parstagram-appUITests/Pods-Parstagram-app-Parstagram-appUITests-frameworks-${CONFIGURATION}-input-files.xcfilelist",
			);
			name = "[CP] Embed Pods Frameworks";
			outputFileListPaths = (
				"${PODS_ROOT}/Target Support Files/Pods-Parstagram-app-Parstagram-appUITests/Pods-Parstagram-app-Parstagram-appUITests-frameworks-${CONFIGURATION}-output-files.xcfilelist",
			);
			runOnlyForDeploymentPostprocessing = 0;
			shellPath = /bin/sh;
			shellScript = "\"${PODS_ROOT}/Target Support Files/Pods-Parstagram-app-Parstagram-appUITests/Pods-Parstagram-app-Parstagram-appUITests-frameworks.sh\"\n";
			showEnvVarsInLog = 0;
		};
		49ADD2A92D0376F28BB8071A /* [CP] Check Pods Manifest.lock */ = {
			isa = PBXShellScriptBuildPhase;
			buildActionMask = 2147483647;
			files = (
			);
			inputFileListPaths = (
			);
			inputPaths = (
				"${PODS_PODFILE_DIR_PATH}/Podfile.lock",
				"${PODS_ROOT}/Manifest.lock",
			);
			name = "[CP] Check Pods Manifest.lock";
			outputFileListPaths = (
			);
			outputPaths = (
				"$(DERIVED_FILE_DIR)/Pods-Parstagram-app-Parstagram-appUITests-checkManifestLockResult.txt",
			);
			runOnlyForDeploymentPostprocessing = 0;
			shellPath = /bin/sh;
			shellScript = "diff \"${PODS_PODFILE_DIR_PATH}/Podfile.lock\" \"${PODS_ROOT}/Manifest.lock\" > /dev/null\nif [ $? != 0 ] ; then\n    # print error to STDERR\n    echo \"error: The sandbox is not in sync with the Podfile.lock. Run 'pod install' or update your CocoaPods installation.\" >&2\n    exit 1\nfi\n# This output is used by Xcode 'outputs' to avoid re-running this script phase.\necho \"SUCCESS\" > \"${SCRIPT_OUTPUT_FILE_0}\"\n";
			showEnvVarsInLog = 0;
		};
		6CEB756B2FF16EF81F54807D /* [CP] Check Pods Manifest.lock */ = {
			isa = PBXShellScriptBuildPhase;
			buildActionMask = 2147483647;
			files = (
			);
			inputFileListPaths = (
			);
			inputPaths = (
				"${PODS_PODFILE_DIR_PATH}/Podfile.lock",
				"${PODS_ROOT}/Manifest.lock",
			);
			name = "[CP] Check Pods Manifest.lock";
			outputFileListPaths = (
			);
			outputPaths = (
				"$(DERIVED_FILE_DIR)/Pods-Parstagram-app-checkManifestLockResult.txt",
			);
			runOnlyForDeploymentPostprocessing = 0;
			shellPath = /bin/sh;
			shellScript = "diff \"${PODS_PODFILE_DIR_PATH}/Podfile.lock\" \"${PODS_ROOT}/Manifest.lock\" > /dev/null\nif [ $? != 0 ] ; then\n    # print error to STDERR\n    echo \"error: The sandbox is not in sync with the Podfile.lock. Run 'pod install' or update your CocoaPods installation.\" >&2\n    exit 1\nfi\n# This output is used by Xcode 'outputs' to avoid re-running this script phase.\necho \"SUCCESS\" > \"${SCRIPT_OUTPUT_FILE_0}\"\n";
			showEnvVarsInLog = 0;
		};
		7934342EF6D652A3FAA30831 /* [CP] Embed Pods Frameworks */ = {
			isa = PBXShellScriptBuildPhase;
			buildActionMask = 2147483647;
			files = (
			);
			inputFileListPaths = (
				"${PODS_ROOT}/Target Support Files/Pods-Parstagram-app/Pods-Parstagram-app-frameworks-${CONFIGURATION}-input-files.xcfilelist",
			);
			name = "[CP] Embed Pods Frameworks";
			outputFileListPaths = (
				"${PODS_ROOT}/Target Support Files/Pods-Parstagram-app/Pods-Parstagram-app-frameworks-${CONFIGURATION}-output-files.xcfilelist",
			);
			runOnlyForDeploymentPostprocessing = 0;
			shellPath = /bin/sh;
			shellScript = "\"${PODS_ROOT}/Target Support Files/Pods-Parstagram-app/Pods-Parstagram-app-frameworks.sh\"\n";
			showEnvVarsInLog = 0;
		};
		87AE735D79897E94056F6AC4 /* [CP] Check Pods Manifest.lock */ = {
			isa = PBXShellScriptBuildPhase;
			buildActionMask = 2147483647;
			files = (
			);
			inputFileListPaths = (
			);
			inputPaths = (
				"${PODS_PODFILE_DIR_PATH}/Podfile.lock",
				"${PODS_ROOT}/Manifest.lock",
			);
			name = "[CP] Check Pods Manifest.lock";
			outputFileListPaths = (
			);
			outputPaths = (
				"$(DERIVED_FILE_DIR)/Pods-Parstagram-appTests-checkManifestLockResult.txt",
			);
			runOnlyForDeploymentPostprocessing = 0;
			shellPath = /bin/sh;
			shellScript = "diff \"${PODS_PODFILE_DIR_PATH}/Podfile.lock\" \"${PODS_ROOT}/Manifest.lock\" > /dev/null\nif [ $? != 0 ] ; then\n    # print error to STDERR\n    echo \"error: The sandbox is not in sync with the Podfile.lock. Run 'pod install' or update your CocoaPods installation.\" >&2\n    exit 1\nfi\n# This output is used by Xcode 'outputs' to avoid re-running this script phase.\necho \"SUCCESS\" > \"${SCRIPT_OUTPUT_FILE_0}\"\n";
			showEnvVarsInLog = 0;
		};
/* End PBXShellScriptBuildPhase section */

/* Begin PBXSourcesBuildPhase section */
		4B1E7CBA28DE2CE000DA1502 /* Sources */ = {
			isa = PBXSourcesBuildPhase;
			buildActionMask = 2147483647;
			files = (
				4B371C6628E4E41600FA4AEC /* LoginViewController.swift in Sources */,
				4B371C7028E5213600FA4AEC /* CameraViewController.swift in Sources */,
				4B1E7CC228DE2CE100DA1502 /* AppDelegate.swift in Sources */,
				4B371C6B28E4E44600FA4AEC /* FeedViewController.swift in Sources */,
				4B1E7CC428DE2CE100DA1502 /* SceneDelegate.swift in Sources */,
				4B371C7D28E748AB00FA4AEC /* PostCell.swift in Sources */,
				4B02044028FA632500B4B454 /* CommentCell.swift in Sources */,
			);
			runOnlyForDeploymentPostprocessing = 0;
		};
		4B1E7CD028DE2CEB00DA1502 /* Sources */ = {
			isa = PBXSourcesBuildPhase;
			buildActionMask = 2147483647;
			files = (
				4B1E7CD928DE2CEB00DA1502 /* Parstagram_appTests.swift in Sources */,
			);
			runOnlyForDeploymentPostprocessing = 0;
		};
		4B1E7CDB28DE2CEC00DA1502 /* Sources */ = {
			isa = PBXSourcesBuildPhase;
			buildActionMask = 2147483647;
			files = (
				4B1E7CE428DE2CEC00DA1502 /* Parstagram_appUITests.swift in Sources */,
			);
			runOnlyForDeploymentPostprocessing = 0;
		};
/* End PBXSourcesBuildPhase section */

/* Begin PBXTargetDependency section */
		4B1E7CD628DE2CEB00DA1502 /* PBXTargetDependency */ = {
			isa = PBXTargetDependency;
			target = 4B1E7CBD28DE2CE000DA1502 /* Parstagram-app */;
			targetProxy = 4B1E7CD528DE2CEB00DA1502 /* PBXContainerItemProxy */;
		};
		4B1E7CE128DE2CEC00DA1502 /* PBXTargetDependency */ = {
			isa = PBXTargetDependency;
			target = 4B1E7CBD28DE2CE000DA1502 /* Parstagram-app */;
			targetProxy = 4B1E7CE028DE2CEC00DA1502 /* PBXContainerItemProxy */;
		};
/* End PBXTargetDependency section */

/* Begin PBXVariantGroup section */
		4B1E7CC728DE2CE100DA1502 /* Main.storyboard */ = {
			isa = PBXVariantGroup;
			children = (
				4B1E7CC828DE2CE100DA1502 /* Base */,
			);
			name = Main.storyboard;
			sourceTree = "<group>";
		};
		4B1E7CCC28DE2CEB00DA1502 /* LaunchScreen.storyboard */ = {
			isa = PBXVariantGroup;
			children = (
				4B1E7CCD28DE2CEB00DA1502 /* Base */,
			);
			name = LaunchScreen.storyboard;
			sourceTree = "<group>";
		};
/* End PBXVariantGroup section */

/* Begin XCBuildConfiguration section */
		4B1E7CE628DE2CEC00DA1502 /* Debug */ = {
			isa = XCBuildConfiguration;
			buildSettings = {
				ALWAYS_SEARCH_USER_PATHS = NO;
				CLANG_ANALYZER_NONNULL = YES;
				CLANG_ANALYZER_NUMBER_OBJECT_CONVERSION = YES_AGGRESSIVE;
				CLANG_CXX_LANGUAGE_STANDARD = "gnu++14";
				CLANG_CXX_LIBRARY = "libc++";
				CLANG_ENABLE_MODULES = YES;
				CLANG_ENABLE_OBJC_ARC = YES;
				CLANG_ENABLE_OBJC_WEAK = YES;
				CLANG_WARN_BLOCK_CAPTURE_AUTORELEASING = YES;
				CLANG_WARN_BOOL_CONVERSION = YES;
				CLANG_WARN_COMMA = YES;
				CLANG_WARN_CONSTANT_CONVERSION = YES;
				CLANG_WARN_DEPRECATED_OBJC_IMPLEMENTATIONS = YES;
				CLANG_WARN_DIRECT_OBJC_ISA_USAGE = YES_ERROR;
				CLANG_WARN_DOCUMENTATION_COMMENTS = YES;
				CLANG_WARN_EMPTY_BODY = YES;
				CLANG_WARN_ENUM_CONVERSION = YES;
				CLANG_WARN_INFINITE_RECURSION = YES;
				CLANG_WARN_INT_CONVERSION = YES;
				CLANG_WARN_NON_LITERAL_NULL_CONVERSION = YES;
				CLANG_WARN_OBJC_IMPLICIT_RETAIN_SELF = YES;
				CLANG_WARN_OBJC_LITERAL_CONVERSION = YES;
				CLANG_WARN_OBJC_ROOT_CLASS = YES_ERROR;
				CLANG_WARN_QUOTED_INCLUDE_IN_FRAMEWORK_HEADER = YES;
				CLANG_WARN_RANGE_LOOP_ANALYSIS = YES;
				CLANG_WARN_STRICT_PROTOTYPES = YES;
				CLANG_WARN_SUSPICIOUS_MOVE = YES;
				CLANG_WARN_UNGUARDED_AVAILABILITY = YES_AGGRESSIVE;
				CLANG_WARN_UNREACHABLE_CODE = YES;
				CLANG_WARN__DUPLICATE_METHOD_MATCH = YES;
				COPY_PHASE_STRIP = NO;
				DEBUG_INFORMATION_FORMAT = dwarf;
				ENABLE_STRICT_OBJC_MSGSEND = YES;
				ENABLE_TESTABILITY = YES;
				GCC_C_LANGUAGE_STANDARD = gnu11;
				GCC_DYNAMIC_NO_PIC = NO;
				GCC_NO_COMMON_BLOCKS = YES;
				GCC_OPTIMIZATION_LEVEL = 0;
				GCC_PREPROCESSOR_DEFINITIONS = (
					"DEBUG=1",
					"$(inherited)",
				);
				GCC_WARN_64_TO_32_BIT_CONVERSION = YES;
				GCC_WARN_ABOUT_RETURN_TYPE = YES_ERROR;
				GCC_WARN_UNDECLARED_SELECTOR = YES;
				GCC_WARN_UNINITIALIZED_AUTOS = YES_AGGRESSIVE;
				GCC_WARN_UNUSED_FUNCTION = YES;
				GCC_WARN_UNUSED_VARIABLE = YES;
				IPHONEOS_DEPLOYMENT_TARGET = 14.1;
				MTL_ENABLE_DEBUG_INFO = INCLUDE_SOURCE;
				MTL_FAST_MATH = YES;
				ONLY_ACTIVE_ARCH = YES;
				SDKROOT = iphoneos;
				SWIFT_ACTIVE_COMPILATION_CONDITIONS = DEBUG;
				SWIFT_OPTIMIZATION_LEVEL = "-Onone";
			};
			name = Debug;
		};
		4B1E7CE728DE2CEC00DA1502 /* Release */ = {
			isa = XCBuildConfiguration;
			buildSettings = {
				ALWAYS_SEARCH_USER_PATHS = NO;
				CLANG_ANALYZER_NONNULL = YES;
				CLANG_ANALYZER_NUMBER_OBJECT_CONVERSION = YES_AGGRESSIVE;
				CLANG_CXX_LANGUAGE_STANDARD = "gnu++14";
				CLANG_CXX_LIBRARY = "libc++";
				CLANG_ENABLE_MODULES = YES;
				CLANG_ENABLE_OBJC_ARC = YES;
				CLANG_ENABLE_OBJC_WEAK = YES;
				CLANG_WARN_BLOCK_CAPTURE_AUTORELEASING = YES;
				CLANG_WARN_BOOL_CONVERSION = YES;
				CLANG_WARN_COMMA = YES;
				CLANG_WARN_CONSTANT_CONVERSION = YES;
				CLANG_WARN_DEPRECATED_OBJC_IMPLEMENTATIONS = YES;
				CLANG_WARN_DIRECT_OBJC_ISA_USAGE = YES_ERROR;
				CLANG_WARN_DOCUMENTATION_COMMENTS = YES;
				CLANG_WARN_EMPTY_BODY = YES;
				CLANG_WARN_ENUM_CONVERSION = YES;
				CLANG_WARN_INFINITE_RECURSION = YES;
				CLANG_WARN_INT_CONVERSION = YES;
				CLANG_WARN_NON_LITERAL_NULL_CONVERSION = YES;
				CLANG_WARN_OBJC_IMPLICIT_RETAIN_SELF = YES;
				CLANG_WARN_OBJC_LITERAL_CONVERSION = YES;
				CLANG_WARN_OBJC_ROOT_CLASS = YES_ERROR;
				CLANG_WARN_QUOTED_INCLUDE_IN_FRAMEWORK_HEADER = YES;
				CLANG_WARN_RANGE_LOOP_ANALYSIS = YES;
				CLANG_WARN_STRICT_PROTOTYPES = YES;
				CLANG_WARN_SUSPICIOUS_MOVE = YES;
				CLANG_WARN_UNGUARDED_AVAILABILITY = YES_AGGRESSIVE;
				CLANG_WARN_UNREACHABLE_CODE = YES;
				CLANG_WARN__DUPLICATE_METHOD_MATCH = YES;
				COPY_PHASE_STRIP = NO;
				DEBUG_INFORMATION_FORMAT = "dwarf-with-dsym";
				ENABLE_NS_ASSERTIONS = NO;
				ENABLE_STRICT_OBJC_MSGSEND = YES;
				GCC_C_LANGUAGE_STANDARD = gnu11;
				GCC_NO_COMMON_BLOCKS = YES;
				GCC_WARN_64_TO_32_BIT_CONVERSION = YES;
				GCC_WARN_ABOUT_RETURN_TYPE = YES_ERROR;
				GCC_WARN_UNDECLARED_SELECTOR = YES;
				GCC_WARN_UNINITIALIZED_AUTOS = YES_AGGRESSIVE;
				GCC_WARN_UNUSED_FUNCTION = YES;
				GCC_WARN_UNUSED_VARIABLE = YES;
				IPHONEOS_DEPLOYMENT_TARGET = 14.1;
				MTL_ENABLE_DEBUG_INFO = NO;
				MTL_FAST_MATH = YES;
				SDKROOT = iphoneos;
				SWIFT_COMPILATION_MODE = wholemodule;
				SWIFT_OPTIMIZATION_LEVEL = "-O";
				VALIDATE_PRODUCT = YES;
			};
			name = Release;
		};
		4B1E7CE928DE2CEC00DA1502 /* Debug */ = {
			isa = XCBuildConfiguration;
			baseConfigurationReference = 43276F65300BC9606B314290 /* Pods-Parstagram-app.debug.xcconfig */;
			buildSettings = {
				ASSETCATALOG_COMPILER_APPICON_NAME = AppIcon;
				ASSETCATALOG_COMPILER_GLOBAL_ACCENT_COLOR_NAME = AccentColor;
				CODE_SIGN_STYLE = Automatic;
				DEVELOPMENT_TEAM = S23EGKVD27;
				INFOPLIST_FILE = "Parstagram-app/Info.plist";
				LD_RUNPATH_SEARCH_PATHS = (
					"$(inherited)",
					"@executable_path/Frameworks",
				);
				PRODUCT_BUNDLE_IDENTIFIER = "com.lucianoscarpaci.Parstagram-app";
				PRODUCT_NAME = "$(TARGET_NAME)";
				SWIFT_VERSION = 5.0;
				TARGETED_DEVICE_FAMILY = "1,2";
			};
			name = Debug;
		};
		4B1E7CEA28DE2CEC00DA1502 /* Release */ = {
			isa = XCBuildConfiguration;
			baseConfigurationReference = D4BB45813E76E9033F40872B /* Pods-Parstagram-app.release.xcconfig */;
			buildSettings = {
				ASSETCATALOG_COMPILER_APPICON_NAME = AppIcon;
				ASSETCATALOG_COMPILER_GLOBAL_ACCENT_COLOR_NAME = AccentColor;
				CODE_SIGN_STYLE = Automatic;
				DEVELOPMENT_TEAM = S23EGKVD27;
				INFOPLIST_FILE = "Parstagram-app/Info.plist";
				LD_RUNPATH_SEARCH_PATHS = (
					"$(inherited)",
					"@executable_path/Frameworks",
				);
				PRODUCT_BUNDLE_IDENTIFIER = "com.lucianoscarpaci.Parstagram-app";
				PRODUCT_NAME = "$(TARGET_NAME)";
				SWIFT_VERSION = 5.0;
				TARGETED_DEVICE_FAMILY = "1,2";
			};
			name = Release;
		};
		4B1E7CEC28DE2CEC00DA1502 /* Debug */ = {
			isa = XCBuildConfiguration;
			baseConfigurationReference = C3A3AA5354BBC05777A15195 /* Pods-Parstagram-appTests.debug.xcconfig */;
			buildSettings = {
				ALWAYS_EMBED_SWIFT_STANDARD_LIBRARIES = YES;
				BUNDLE_LOADER = "$(TEST_HOST)";
				CODE_SIGN_STYLE = Automatic;
				DEVELOPMENT_TEAM = S23EGKVD27;
				INFOPLIST_FILE = "Parstagram-appTests/Info.plist";
				IPHONEOS_DEPLOYMENT_TARGET = 14.3;
				LD_RUNPATH_SEARCH_PATHS = (
					"$(inherited)",
					"@executable_path/Frameworks",
					"@loader_path/Frameworks",
				);
				PRODUCT_BUNDLE_IDENTIFIER = "com.lucianoscarpaci.Parstagram-appTests";
				PRODUCT_NAME = "$(TARGET_NAME)";
				SWIFT_VERSION = 5.0;
				TARGETED_DEVICE_FAMILY = "1,2";
				TEST_HOST = "$(BUILT_PRODUCTS_DIR)/Parstagram-app.app/Parstagram-app";
			};
			name = Debug;
		};
		4B1E7CED28DE2CEC00DA1502 /* Release */ = {
			isa = XCBuildConfiguration;
			baseConfigurationReference = 93F691EB02D2C14E1A249958 /* Pods-Parstagram-appTests.release.xcconfig */;
			buildSettings = {
				ALWAYS_EMBED_SWIFT_STANDARD_LIBRARIES = YES;
				BUNDLE_LOADER = "$(TEST_HOST)";
				CODE_SIGN_STYLE = Automatic;
				DEVELOPMENT_TEAM = S23EGKVD27;
				INFOPLIST_FILE = "Parstagram-appTests/Info.plist";
				IPHONEOS_DEPLOYMENT_TARGET = 14.3;
				LD_RUNPATH_SEARCH_PATHS = (
					"$(inherited)",
					"@executable_path/Frameworks",
					"@loader_path/Frameworks",
				);
				PRODUCT_BUNDLE_IDENTIFIER = "com.lucianoscarpaci.Parstagram-appTests";
				PRODUCT_NAME = "$(TARGET_NAME)";
				SWIFT_VERSION = 5.0;
				TARGETED_DEVICE_FAMILY = "1,2";
				TEST_HOST = "$(BUILT_PRODUCTS_DIR)/Parstagram-app.app/Parstagram-app";
			};
			name = Release;
		};
		4B1E7CEF28DE2CEC00DA1502 /* Debug */ = {
			isa = XCBuildConfiguration;
			baseConfigurationReference = A6B55C721A9C5061D935B563 /* Pods-Parstagram-app-Parstagram-appUITests.debug.xcconfig */;
			buildSettings = {
				ALWAYS_EMBED_SWIFT_STANDARD_LIBRARIES = YES;
				CODE_SIGN_STYLE = Automatic;
				DEVELOPMENT_TEAM = S23EGKVD27;
				INFOPLIST_FILE = "Parstagram-appUITests/Info.plist";
				LD_RUNPATH_SEARCH_PATHS = (
					"$(inherited)",
					"@executable_path/Frameworks",
					"@loader_path/Frameworks",
				);
				PRODUCT_BUNDLE_IDENTIFIER = "com.lucianoscarpaci.Parstagram-appUITests";
				PRODUCT_NAME = "$(TARGET_NAME)";
				SWIFT_VERSION = 5.0;
				TARGETED_DEVICE_FAMILY = "1,2";
				TEST_TARGET_NAME = "Parstagram-app";
			};
			name = Debug;
		};
		4B1E7CF028DE2CEC00DA1502 /* Release */ = {
			isa = XCBuildConfiguration;
			baseConfigurationReference = 89627C299A79AFBCDEF17CD0 /* Pods-Parstagram-app-Parstagram-appUITests.release.xcconfig */;
			buildSettings = {
				ALWAYS_EMBED_SWIFT_STANDARD_LIBRARIES = YES;
				CODE_SIGN_STYLE = Automatic;
				DEVELOPMENT_TEAM = S23EGKVD27;
				INFOPLIST_FILE = "Parstagram-appUITests/Info.plist";
				LD_RUNPATH_SEARCH_PATHS = (
					"$(inherited)",
					"@executable_path/Frameworks",
					"@loader_path/Frameworks",
				);
				PRODUCT_BUNDLE_IDENTIFIER = "com.lucianoscarpaci.Parstagram-appUITests";
				PRODUCT_NAME = "$(TARGET_NAME)";
				SWIFT_VERSION = 5.0;
				TARGETED_DEVICE_FAMILY = "1,2";
				TEST_TARGET_NAME = "Parstagram-app";
			};
			name = Release;
		};
/* End XCBuildConfiguration section */

/* Begin XCConfigurationList section */
		4B1E7CB928DE2CE000DA1502 /* Build configuration list for PBXProject "Parstagram-app" */ = {
			isa = XCConfigurationList;
			buildConfigurations = (
				4B1E7CE628DE2CEC00DA1502 /* Debug */,
				4B1E7CE728DE2CEC00DA1502 /* Release */,
			);
			defaultConfigurationIsVisible = 0;
			defaultConfigurationName = Release;
		};
		4B1E7CE828DE2CEC00DA1502 /* Build configuration list for PBXNativeTarget "Parstagram-app" */ = {
			isa = XCConfigurationList;
			buildConfigurations = (
				4B1E7CE928DE2CEC00DA1502 /* Debug */,
				4B1E7CEA28DE2CEC00DA1502 /* Release */,
			);
			defaultConfigurationIsVisible = 0;
			defaultConfigurationName = Release;
		};
		4B1E7CEB28DE2CEC00DA1502 /* Build configuration list for PBXNativeTarget "Parstagram-appTests" */ = {
			isa = XCConfigurationList;
			buildConfigurations = (
				4B1E7CEC28DE2CEC00DA1502 /* Debug */,
				4B1E7CED28DE2CEC00DA1502 /* Release */,
			);
			defaultConfigurationIsVisible = 0;
			defaultConfigurationName = Release;
		};
		4B1E7CEE28DE2CEC00DA1502 /* Build configuration list for PBXNativeTarget "Parstagram-appUITests" */ = {
			isa = XCConfigurationList;
			buildConfigurations = (
				4B1E7CEF28DE2CEC00DA1502 /* Debug */,
				4B1E7CF028DE2CEC00DA1502 /* Release */,
			);
			defaultConfigurationIsVisible = 0;
			defaultConfigurationName = Release;
		};
/* End XCConfigurationList section */
	};
	rootObject = 4B1E7CB628DE2CE000DA1502 /* Project object */;
}
